
Microsoft Visual Studio Solution File, Format Version 12.00
# Visual Studio Version 16
VisualStudioVersion = 16.0.30011.22
MinimumVisualStudioVersion = 10.0.40219.1
Project("{FAE04EC0-301F-11D3-BF4B-00C04F79EFBC}") = "Project1", "Project1\Project1.csproj", "{66FCEF2F-F818-49D3-912A-34F1B11538F7}"
EndProject
Project("{FAE04EC0-301F-11D3-BF4B-00C04F79EFBC}") = "Project2", "Project2\Project2.csproj", "{2D1CA993-C329-4FCC-9697-29990BB44715}"
EndProject
Project("{FAE04EC0-301F-11D3-BF4B-00C04F79EFBC}") = "Project3", "Project3\Project3.csproj", "{04396903-74BF-483C-89CE-1794FB625FBB}"
EndProject
Global
	GlobalSection(SolutionConfigurationPlatforms) = preSolution
		Debug|Any CPU = Debug|Any CPU
		Release|Any CPU = Release|Any CPU
	EndGlobalSection
	GlobalSection(ProjectConfigurationPlatforms) = postSolution
		{66FCEF2F-F818-49D3-912A-34F1B11538F7}.Debug|Any CPU.ActiveCfg = Debug|Any CPU
		{66FCEF2F-F818-49D3-912A-34F1B11538F7}.Debug|Any CPU.Build.0 = Debug|Any CPU
		{66FCEF2F-F818-49D3-912A-34F1B11538F7}.Release|Any CPU.ActiveCfg = Release|Any CPU
		{66FCEF2F-F818-49D3-912A-34F1B11538F7}.Release|Any CPU.Build.0 = Release|Any CPU
		{2D1CA993-C329-4FCC-9697-29990BB44715}.Debug|Any CPU.ActiveCfg = Debug|Any CPU
		{2D1CA993-C329-4FCC-9697-29990BB44715}.Debug|Any CPU.Build.0 = Debug|Any CPU
		{2D1CA993-C329-4FCC-9697-29990BB44715}.Release|Any CPU.ActiveCfg = Release|Any CPU
		{2D1CA993-C329-4FCC-9697-29990BB44715}.Release|Any CPU.Build.0 = Release|Any CPU
		{04396903-74BF-483C-89CE-1794FB625FBB}.Debug|Any CPU.ActiveCfg = Debug|Any CPU
		{04396903-74BF-483C-89CE-1794FB625FBB}.Debug|Any CPU.Build.0 = Debug|Any CPU
		{04396903-74BF-483C-89CE-1794FB625FBB}.Release|Any CPU.ActiveCfg = Release|Any CPU
		{04396903-74BF-483C-89CE-1794FB625FBB}.Release|Any CPU.Build.0 = Release|Any CPU
	EndGlobalSection
	GlobalSection(SolutionProperties) = preSolution
		HideSolutionNode = FALSE
	EndGlobalSection
	GlobalSection(ExtensibilityGlobals) = postSolution
		SolutionGuid = {A8857011-8285-49C8-A250-E2346D1418DA}
	EndGlobalSection
EndGlobal
